
Microsoft Visual Studio Solution File, Format Version 12.00
# Visual Studio Version 17
VisualStudioVersion = 17.8.34330.188
MinimumVisualStudioVersion = 10.0.40219.1
Project("{2150E333-8FDC-42A3-9474-1A3956D46DE8}") = "Solution Items", "Solution Items", "{10189164-5B69-43C6-B0F4-B442E110E02B}"
	ProjectSection(SolutionItems) = preProject
		CHANGELOG.md = CHANGELOG.md
		LICENSE = LICENSE
		README.md = README.md
	EndProjectSection
EndProject
Project("{2150E333-8FDC-42A3-9474-1A3956D46DE8}") = "src", "src", "{87C14578-0C7C-44EE-B33C-C8EDD93D9229}"
EndProject
Project("{FAE04EC0-301F-11D3-BF4B-00C04F79EFBC}") = "Fishbowl.Preflight", "src\Fishbowl.Preflight\Fishbowl.Preflight.csproj", "{621EA5F6-53DA-477F-BD00-4BB5D35AD3D6}"
EndProject
Project("{FAE04EC0-301F-11D3-BF4B-00C04F79EFBC}") = "Fishbowl.Preflight.AspNetCore", "src\Fishbowl.Preflight.AspNetCore\Fishbowl.Preflight.AspNetCore.csproj", "{01ECB9F7-BFAC-473A-AA93-C6F8FA49398D}"
EndProject
Project("{2150E333-8FDC-42A3-9474-1A3956D46DE8}") = "tests", "tests", "{FA13147F-6A68-4387-A208-E0FEDFFB6ECD}"
EndProject
Project("{FAE04EC0-301F-11D3-BF4B-00C04F79EFBC}") = "Fishbowl.Preflight.Tests", "tests\Fishbowl.Preflight.Tests\Fishbowl.Preflight.Tests.csproj", "{B25CC602-0DAF-4EA1-8380-D88D9A8DC5CE}"
EndProject
Global
	GlobalSection(SolutionConfigurationPlatforms) = preSolution
		Debug|Any CPU = Debug|Any CPU
		Release|Any CPU = Release|Any CPU
	EndGlobalSection
	GlobalSection(ProjectConfigurationPlatforms) = postSolution
		{621EA5F6-53DA-477F-BD00-4BB5D35AD3D6}.Debug|Any CPU.ActiveCfg = Debug|Any CPU
		{621EA5F6-53DA-477F-BD00-4BB5D35AD3D6}.Debug|Any CPU.Build.0 = Debug|Any CPU
		{621EA5F6-53DA-477F-BD00-4BB5D35AD3D6}.Release|Any CPU.ActiveCfg = Release|Any CPU
		{621EA5F6-53DA-477F-BD00-4BB5D35AD3D6}.Release|Any CPU.Build.0 = Release|Any CPU
		{01ECB9F7-BFAC-473A-AA93-C6F8FA49398D}.Debug|Any CPU.ActiveCfg = Debug|Any CPU
		{01ECB9F7-BFAC-473A-AA93-C6F8FA49398D}.Debug|Any CPU.Build.0 = Debug|Any CPU
		{01ECB9F7-BFAC-473A-AA93-C6F8FA49398D}.Release|Any CPU.ActiveCfg = Release|Any CPU
		{01ECB9F7-BFAC-473A-AA93-C6F8FA49398D}.Release|Any CPU.Build.0 = Release|Any CPU
		{B25CC602-0DAF-4EA1-8380-D88D9A8DC5CE}.Debug|Any CPU.ActiveCfg = Debug|Any CPU
		{B25CC602-0DAF-4EA1-8380-D88D9A8DC5CE}.Debug|Any CPU.Build.0 = Debug|Any CPU
		{B25CC602-0DAF-4EA1-8380-D88D9A8DC5CE}.Release|Any CPU.ActiveCfg = Release|Any CPU
		{B25CC602-0DAF-4EA1-8380-D88D9A8DC5CE}.Release|Any CPU.Build.0 = Release|Any CPU
	EndGlobalSection
	GlobalSection(SolutionProperties) = preSolution
		HideSolutionNode = FALSE
	EndGlobalSection
	GlobalSection(ExtensibilityGlobals) = postSolution
		SolutionGuid = {E71A768F-E945-47D7-9BFD-E43C69AA14DC}
	EndGlobalSection
	GlobalSection(NestedProjects) = preSolution
		{621EA5F6-53DA-477F-BD00-4BB5D35AD3D6} = {87C14578-0C7C-44EE-B33C-C8EDD93D9229}
		{01ECB9F7-BFAC-473A-AA93-C6F8FA49398D} = {87C14578-0C7C-44EE-B33C-C8EDD93D9229}
		{B25CC602-0DAF-4EA1-8380-D88D9A8DC5CE} = {FA13147F-6A68-4387-A208-E0FEDFFB6ECD}
	EndGlobalSection
EndGlobal
